
Microsoft Visual Studio Solution File, Format Version 12.00
# Visual Studio Version 17
VisualStudioVersion = 17.13.35931.197
MinimumVisualStudioVersion = 10.0.40219.1
Project("{2150E333-8FDC-42A3-9474-1A3956D46DE8}") = "src", "src", "{02EA681E-C7D8-13C7-8484-4AC65E1B71E8}"
EndProject
Project("{FAE04EC0-301F-11D3-BF4B-00C04F79EFBC}") = "Aftermath", "src\Aftermath\Aftermath.csproj", "{C01075A8-B890-87C0-3812-B1D2C819B5FB}"
EndProject
Project("{2150E333-8FDC-42A3-9474-1A3956D46DE8}") = "Samples", "Samples", "{4BBA77A2-F38F-45F2-93A4-1589785D8667}"
EndProject
Project("{FAE04EC0-301F-11D3-BF4B-00C04F79EFBC}") = "Aftermath.Samples", "Samples\Aftermath.Samples\Aftermath.Samples.csproj", "{330E3990-D26C-401E-919E-02882EF82B4F}"
EndProject
Project("{2150E333-8FDC-42A3-9474-1A3956D46DE8}") = "Solution Items", "Solution Items", "{1E7A712B-4042-4C06-9061-7D88165319A1}"
	ProjectSection(SolutionItems) = preProject
		.github\workflows\buid.yml = .github\workflows\buid.yml
		LICENSE = LICENSE
		README.md = README.md
	EndProjectSection
EndProject
Global
	GlobalSection(SolutionConfigurationPlatforms) = preSolution
		Debug|Any CPU = Debug|Any CPU
		Release|Any CPU = Release|Any CPU
	EndGlobalSection
	GlobalSection(ProjectConfigurationPlatforms) = postSolution
		{C01075A8-B890-87C0-3812-B1D2C819B5FB}.Debug|Any CPU.ActiveCfg = Debug|Any CPU
		{C01075A8-B890-87C0-3812-B1D2C819B5FB}.Debug|Any CPU.Build.0 = Debug|Any CPU
		{C01075A8-B890-87C0-3812-B1D2C819B5FB}.Release|Any CPU.ActiveCfg = Release|Any CPU
		{C01075A8-B890-87C0-3812-B1D2C819B5FB}.Release|Any CPU.Build.0 = Release|Any CPU
		{330E3990-D26C-401E-919E-02882EF82B4F}.Debug|Any CPU.ActiveCfg = Debug|Any CPU
		{330E3990-D26C-401E-919E-02882EF82B4F}.Debug|Any CPU.Build.0 = Debug|Any CPU
		{330E3990-D26C-401E-919E-02882EF82B4F}.Release|Any CPU.ActiveCfg = Release|Any CPU
		{330E3990-D26C-401E-919E-02882EF82B4F}.Release|Any CPU.Build.0 = Release|Any CPU
	EndGlobalSection
	GlobalSection(SolutionProperties) = preSolution
		HideSolutionNode = FALSE
	EndGlobalSection
	GlobalSection(NestedProjects) = preSolution
		{C01075A8-B890-87C0-3812-B1D2C819B5FB} = {02EA681E-C7D8-13C7-8484-4AC65E1B71E8}
		{330E3990-D26C-401E-919E-02882EF82B4F} = {4BBA77A2-F38F-45F2-93A4-1589785D8667}
	EndGlobalSection
	GlobalSection(ExtensibilityGlobals) = postSolution
		SolutionGuid = {5AC5FD50-F247-4D91-926C-AD9E04D0E6DB}
	EndGlobalSection
EndGlobal
